
Microsoft Visual Studio Solution File, Format Version 12.00
# Visual Studio Version 16
VisualStudioVersion = 16.0.29006.145
MinimumVisualStudioVersion = 10.0.40219.1
Project("{FAE04EC0-301F-11D3-BF4B-00C04F79EFBC}") = "Cowry2019", "Cowry2019\Cowry2019.csproj", "{7F0A5AA9-9A6D-475F-BD06-C9C8EBEEFB61}"
EndProject
Project("{FAE04EC0-301F-11D3-BF4B-00C04F79EFBC}") = "UnitTestProject1", "UnitTestProject1\UnitTestProject1.csproj", "{7CB1EE2B-C6B0-472D-9321-5F0801D823BF}"
EndProject
Project("{9A19103F-16F7-4668-BE54-9A1E7A4F7556}") = "Crayon.Api.Sdk", "Crayon.Api.Sdk\Crayon.Api.Sdk.csproj", "{708CB1CA-9E3D-4566-9DF6-9C142A788664}"
EndProject
Global
	GlobalSection(SolutionConfigurationPlatforms) = preSolution
		Debug|Any CPU = Debug|Any CPU
		Release|Any CPU = Release|Any CPU
	EndGlobalSection
	GlobalSection(ProjectConfigurationPlatforms) = postSolution
		{7F0A5AA9-9A6D-475F-BD06-C9C8EBEEFB61}.Debug|Any CPU.ActiveCfg = Debug|Any CPU
		{7F0A5AA9-9A6D-475F-BD06-C9C8EBEEFB61}.Debug|Any CPU.Build.0 = Debug|Any CPU
		{7F0A5AA9-9A6D-475F-BD06-C9C8EBEEFB61}.Release|Any CPU.ActiveCfg = Release|Any CPU
		{7F0A5AA9-9A6D-475F-BD06-C9C8EBEEFB61}.Release|Any CPU.Build.0 = Release|Any CPU
		{7CB1EE2B-C6B0-472D-9321-5F0801D823BF}.Debug|Any CPU.ActiveCfg = Debug|Any CPU
		{7CB1EE2B-C6B0-472D-9321-5F0801D823BF}.Debug|Any CPU.Build.0 = Debug|Any CPU
		{7CB1EE2B-C6B0-472D-9321-5F0801D823BF}.Release|Any CPU.ActiveCfg = Release|Any CPU
		{7CB1EE2B-C6B0-472D-9321-5F0801D823BF}.Release|Any CPU.Build.0 = Release|Any CPU
		{708CB1CA-9E3D-4566-9DF6-9C142A788664}.Debug|Any CPU.ActiveCfg = Debug|Any CPU
		{708CB1CA-9E3D-4566-9DF6-9C142A788664}.Debug|Any CPU.Build.0 = Debug|Any CPU
		{708CB1CA-9E3D-4566-9DF6-9C142A788664}.Release|Any CPU.ActiveCfg = Release|Any CPU
		{708CB1CA-9E3D-4566-9DF6-9C142A788664}.Release|Any CPU.Build.0 = Release|Any CPU
	EndGlobalSection
	GlobalSection(SolutionProperties) = preSolution
		HideSolutionNode = FALSE
	EndGlobalSection
	GlobalSection(ExtensibilityGlobals) = postSolution
		SolutionGuid = {41798AE2-BE3F-4C37-A3BA-B2FBBA1C3851}
	EndGlobalSection
	GlobalSection(TeamFoundationVersionControl) = preSolution
		SccNumberOfProjects = 4
		SccEnterpriseProvider = {4CA58AB2-18FA-4F8D-95D4-32DDF27D184C}
		SccTeamFoundationServer = https://dev.azure.com/mwolenik
		SccLocalPath0 = .
		SccProjectUniqueName1 = Cowry2019\\Cowry2019.csproj
		SccProjectName1 = Cowry2019
		SccLocalPath1 = Cowry2019
		SccProjectUniqueName2 = UnitTestProject1\\UnitTestProject1.csproj
		SccProjectName2 = UnitTestProject1
		SccLocalPath2 = UnitTestProject1
		SccProjectUniqueName3 = Crayon.Api.Sdk\\Crayon.Api.Sdk.csproj
		SccProjectName3 = Crayon.Api.Sdk
		SccLocalPath3 = Crayon.Api.Sdk
	EndGlobalSection
EndGlobal
